# Generated by pub
# See https://dart.dev/tools/pub/glossary#lockfile
packages:
  animated_notch_bottom_bar:
    dependency: "direct main"
    description:
      name: animated_notch_bottom_bar
      sha256: "029080aa5b7daa6c05d6118c485a3560ced5976b2cde1049442c2cb74ad9757d"
      url: "https://pub.dev"
    source: hosted
    version: "0.0.6"
  animations:
    dependency: "direct main"
    description:
      name: animations
      sha256: fe8a6bdca435f718bb1dc8a11661b2c22504c6da40ef934cee8327ed77934164
      url: "https://pub.dev"
    source: hosted
    version: "2.0.7"
  async:
    dependency: transitive
    description:
      name: async
      sha256: bfe67ef28df125b7dddcea62755991f807aa39a2492a23e1550161692950bbe0
      url: "https://pub.dev"
    source: hosted
    version: "2.10.0"
  badges:
    dependency: "direct main"
    description:
      name: badges
      sha256: "461031a60efbb95276f52107f63d5d45008b5ca1eb7f8ca440cadda9ec2143b0"
      url: "https://pub.dev"
    source: hosted
    version: "3.0.2"
  blurrycontainer:
    dependency: "direct main"
    description:
      name: blurrycontainer
      sha256: "6c76c9ab0c5a918f7946667152d1a282b252976de9bd6a58f157a1dd1eb9aed0"
      url: "https://pub.dev"
    source: hosted
    version: "1.0.2"
  boolean_selector:
    dependency: transitive
    description:
      name: boolean_selector
      sha256: "6cfb5af12253eaf2b368f07bacc5a80d1301a071c73360d746b7f2e32d762c66"
      url: "https://pub.dev"
    source: hosted
    version: "2.1.1"
  bottom_bar_with_sheet:
    dependency: "direct main"
    description:
      name: bottom_bar_with_sheet
      sha256: c9a43e90cb6886d1e012be661693a8b847d1b1879c81176b74d72a29eb4bf644
      url: "https://pub.dev"
    source: hosted
    version: "2.4.0"
  characters:
    dependency: transitive
    description:
      name: characters
      sha256: e6a326c8af69605aec75ed6c187d06b349707a27fbff8222ca9cc2cff167975c
      url: "https://pub.dev"
    source: hosted
    version: "1.2.1"
  clock:
    dependency: transitive
    description:
      name: clock
      sha256: cb6d7f03e1de671e34607e909a7213e31d7752be4fb66a86d29fe1eb14bfb5cf
      url: "https://pub.dev"
    source: hosted
    version: "1.1.1"
  collection:
    dependency: transitive
    description:
      name: collection
      sha256: cfc915e6923fe5ce6e153b0723c753045de46de1b4d63771530504004a45fae0
      url: "https://pub.dev"
    source: hosted
    version: "1.17.0"
  cross_file:
    dependency: transitive
    description:
      name: cross_file
      sha256: "0b0036e8cccbfbe0555fd83c1d31a6f30b77a96b598b35a5d36dd41f718695e9"
      url: "https://pub.dev"
    source: hosted
    version: "0.3.3+4"
  csslib:
    dependency: transitive
    description:
      name: csslib
      sha256: b36c7f7e24c0bdf1bf9a3da461c837d1de64b9f8beb190c9011d8c72a3dfd745
      url: "https://pub.dev"
    source: hosted
    version: "0.17.2"
  cupertino_icons:
    dependency: "direct main"
    description:
      name: cupertino_icons
      sha256: e35129dc44c9118cee2a5603506d823bab99c68393879edb440e0090d07586be
      url: "https://pub.dev"
    source: hosted
    version: "1.0.5"
  dashed_circle:
    dependency: "direct main"
    description:
      name: dashed_circle
      sha256: "26636eb6e90da37464caf02d595ba4ecd38509418b7f224906fe52e1be5c84f8"
      url: "https://pub.dev"
    source: hosted
    version: "0.0.2"
  fake_async:
    dependency: transitive
    description:
      name: fake_async
      sha256: "511392330127add0b769b75a987850d136345d9227c6b94c96a04cf4a391bf78"
      url: "https://pub.dev"
    source: hosted
    version: "1.3.1"
  flutter:
    dependency: "direct main"
    description: flutter
    source: sdk
    version: "0.0.0"
  flutter_card_swiper:
    dependency: "direct main"
    description:
      name: flutter_card_swiper
      sha256: "95f9a135e46a8a358661c2fdf92a4cca23150d8860ad280ca5d85dfc03d95815"
      url: "https://pub.dev"
    source: hosted
    version: "1.2.0"
  flutter_chat_bubble:
    dependency: "direct main"
    description:
      name: flutter_chat_bubble
      sha256: "1f1faa2645f93f99194802cd7a6d610c89959ab38ec75d627ab7da9716bd2f47"
      url: "https://pub.dev"
    source: hosted
    version: "2.0.1"
  flutter_gif:
    dependency: "direct main"
    description:
      name: flutter_gif
      sha256: b13d7e484e40685e9236ffbaddf012c2448a2e2c1ac48bed345184dd7bc87f88
      url: "https://pub.dev"
    source: hosted
    version: "0.0.4"
  flutter_lints:
    dependency: "direct dev"
    description:
      name: flutter_lints
      sha256: aeb0b80a8b3709709c9cc496cdc027c5b3216796bc0af0ce1007eaf24464fd4c
      url: "https://pub.dev"
    source: hosted
    version: "2.0.1"
  flutter_otp_text_field:
    dependency: "direct main"
    description:
      name: flutter_otp_text_field
      sha256: c9164ba391071fb9783698256ddbb9efc960cfed056d843db164711c65b1b114
      url: "https://pub.dev"
    source: hosted
    version: "1.1.1"
  flutter_plugin_android_lifecycle:
    dependency: transitive
    description:
      name: flutter_plugin_android_lifecycle
      sha256: "60fc7b78455b94e6de2333d2f95196d32cf5c22f4b0b0520a628804cb463503b"
      url: "https://pub.dev"
    source: hosted
    version: "2.0.7"
  flutter_secure_storage:
    dependency: "direct main"
    description:
      name: flutter_secure_storage
      sha256: f2afec1f1762c040a349ea2a588e32f442da5d0db3494a52a929a97c9e550bc5
      url: "https://pub.dev"
    source: hosted
    version: "7.0.1"
  flutter_secure_storage_linux:
    dependency: transitive
    description:
      name: flutter_secure_storage_linux
      sha256: "0912ae29a572230ad52d8a4697e5518d7f0f429052fd51df7e5a7952c7efe2a3"
      url: "https://pub.dev"
    source: hosted
    version: "1.1.3"
  flutter_secure_storage_macos:
    dependency: transitive
    description:
      name: flutter_secure_storage_macos
      sha256: ff0768a6700ea1d9620e03518e2e25eac86a8bd07ca3556e9617bfa5ace4bd00
      url: "https://pub.dev"
    source: hosted
    version: "2.0.1"
  flutter_secure_storage_platform_interface:
    dependency: transitive
    description:
      name: flutter_secure_storage_platform_interface
      sha256: b3773190e385a3c8a382007893d678ae95462b3c2279e987b55d140d3b0cb81b
      url: "https://pub.dev"
    source: hosted
    version: "1.0.1"
  flutter_secure_storage_web:
    dependency: transitive
    description:
      name: flutter_secure_storage_web
      sha256: "42938e70d4b872e856e678c423cc0e9065d7d294f45bc41fc1981a4eb4beaffe"
      url: "https://pub.dev"
    source: hosted
    version: "1.1.1"
  flutter_secure_storage_windows:
    dependency: transitive
    description:
      name: flutter_secure_storage_windows
      sha256: ca89c8059cf439985aa83c59619b3674c7ef6cc2e86943d169a7369d6a69cab5
      url: "https://pub.dev"
    source: hosted
    version: "1.1.3"
  flutter_test:
    dependency: "direct dev"
    description: flutter
    source: sdk
    version: "0.0.0"
  flutter_web_plugins:
    dependency: transitive
    description: flutter
    source: sdk
    version: "0.0.0"
  font_awesome_flutter:
    dependency: "direct main"
    description:
      name: font_awesome_flutter
      sha256: "875dbb9ec1ad30d68102019ceb682760d06c72747c1c5b7885781b95f88569cc"
      url: "https://pub.dev"
    source: hosted
    version: "10.3.0"
  form_field_validator:
    dependency: "direct main"
    description:
      name: form_field_validator
      sha256: c1fc6c89b5525288c02fe989a88c6f30bb6072da4f9dded17a04cf68c4abfb87
      url: "https://pub.dev"
    source: hosted
    version: "1.1.0"
  graphs:
    dependency: transitive
    description:
      name: graphs
      sha256: f9e130f3259f52d26f0cfc0e964513796dafed572fa52e45d2f8d6ca14db39b2
      url: "https://pub.dev"
    source: hosted
    version: "2.2.0"
  html:
    dependency: transitive
    description:
      name: html
      sha256: d9793e10dbe0e6c364f4c59bf3e01fb33a9b2a674bc7a1081693dba0614b6269
      url: "https://pub.dev"
    source: hosted
    version: "0.15.1"
  http:
    dependency: "direct main"
    description:
      name: http
      sha256: "6aa2946395183537c8b880962d935877325d6a09a2867c3970c05c0fed6ac482"
      url: "https://pub.dev"
    source: hosted
    version: "0.13.5"
  http_parser:
    dependency: transitive
    description:
      name: http_parser
      sha256: "2aa08ce0341cc9b354a498388e30986515406668dbcc4f7c950c3e715496693b"
      url: "https://pub.dev"
    source: hosted
    version: "4.0.2"
  image_picker:
    dependency: "direct main"
    description:
      name: image_picker
      sha256: f98d76672d309c8b7030c323b3394669e122d52b307d2bbd8d06bd70f5b2aabe
      url: "https://pub.dev"
    source: hosted
    version: "0.8.6+1"
  image_picker_android:
    dependency: transitive
    description:
      name: image_picker_android
      sha256: "385f12ee9c7288575572c7873a332016ec45ebd092e1c2f6bd421b4a9ad21f1d"
      url: "https://pub.dev"
    source: hosted
    version: "0.8.5+6"
  image_picker_for_web:
    dependency: transitive
    description:
      name: image_picker_for_web
      sha256: "7d319fb74955ca46d9bf7011497860e3923bb67feebcf068f489311065863899"
      url: "https://pub.dev"
    source: hosted
    version: "2.1.10"
  image_picker_ios:
    dependency: transitive
    description:
      name: image_picker_ios
      sha256: "8ffb14b43713d7c43fb21299cc18181cc5b39bd3ea1cc427a085c6400fe5aa52"
      url: "https://pub.dev"
    source: hosted
    version: "0.8.6+7"
  image_picker_platform_interface:
    dependency: transitive
    description:
      name: image_picker_platform_interface
      sha256: "7cef2f28f4f2fef99180f636c3d446b4ccbafd6ba0fad2adc9a80c4040f656b8"
      url: "https://pub.dev"
    source: hosted
    version: "2.6.2"
  intl:
    dependency: "direct main"
    description:
      name: intl
      sha256: a3715e3bc90294e971cb7dc063fbf3cd9ee0ebf8604ffeafabd9e6f16abbdbe6
      url: "https://pub.dev"
    source: hosted
    version: "0.18.0"
  js:
    dependency: transitive
    description:
      name: js
      sha256: "5528c2f391ededb7775ec1daa69e65a2d61276f7552de2b5f7b8d34ee9fd4ab7"
      url: "https://pub.dev"
    source: hosted
    version: "0.6.5"
  jwt_decoder:
    dependency: "direct main"
    description:
      name: jwt_decoder
      sha256: "54774aebf83f2923b99e6416b4ea915d47af3bde56884eb622de85feabbc559f"
      url: "https://pub.dev"
    source: hosted
    version: "2.0.1"
  lints:
    dependency: transitive
    description:
      name: lints
      sha256: "5e4a9cd06d447758280a8ac2405101e0e2094d2a1dbdd3756aec3fe7775ba593"
      url: "https://pub.dev"
    source: hosted
    version: "2.0.1"
  matcher:
    dependency: transitive
    description:
      name: matcher
      sha256: "16db949ceee371e9b99d22f88fa3a73c4e59fd0afed0bd25fc336eb76c198b72"
      url: "https://pub.dev"
    source: hosted
    version: "0.12.13"
  material_color_utilities:
    dependency: transitive
    description:
      name: material_color_utilities
      sha256: d92141dc6fe1dad30722f9aa826c7fbc896d021d792f80678280601aff8cf724
      url: "https://pub.dev"
    source: hosted
    version: "0.2.0"
  meta:
    dependency: transitive
    description:
      name: meta
      sha256: "6c268b42ed578a53088d834796959e4a1814b5e9e164f147f580a386e5decf42"
      url: "https://pub.dev"
    source: hosted
    version: "1.8.0"
  modal_bottom_sheet:
    dependency: "direct main"
    description:
      name: modal_bottom_sheet
      sha256: "3bba63c62d35c931bce7f8ae23a47f9a05836d8cb3c11122ada64e0b2f3d718f"
      url: "https://pub.dev"
    source: hosted
    version: "3.0.0-pre"
  nested:
    dependency: transitive
    description:
      name: nested
      sha256: "03bac4c528c64c95c722ec99280375a6f2fc708eec17c7b3f07253b626cd2a20"
      url: "https://pub.dev"
    source: hosted
    version: "1.0.0"
  path:
    dependency: transitive
    description:
      name: path
      sha256: db9d4f58c908a4ba5953fcee2ae317c94889433e5024c27ce74a37f94267945b
      url: "https://pub.dev"
    source: hosted
    version: "1.8.2"
  plugin_platform_interface:
    dependency: transitive
    description:
      name: plugin_platform_interface
      sha256: dbf0f707c78beedc9200146ad3cb0ab4d5da13c246336987be6940f026500d3a
      url: "https://pub.dev"
    source: hosted
    version: "2.1.3"
  provider:
    dependency: "direct main"
    description:
      name: provider
      sha256: cdbe7530b12ecd9eb455bdaa2fcb8d4dad22e80b8afb4798b41479d5ce26847f
      url: "https://pub.dev"
    source: hosted
    version: "6.0.5"
  rive:
    dependency: "direct main"
    description:
      name: rive
      sha256: "22e3755b75f4ea4492d2fecf4fc2acf1c8d0073df39781d290a20cbfe74c3760"
      url: "https://pub.dev"
    source: hosted
    version: "0.9.1"
  searchbar_animation:
    dependency: "direct main"
    description:
      name: searchbar_animation
      sha256: "8c9b82e666dae343f8ec34137da18f0de3f019da42691ec8b2c492ee434cc0ba"
      url: "https://pub.dev"
    source: hosted
    version: "0.0.4"
  sky_engine:
    dependency: transitive
    description: flutter
    source: sdk
    version: "0.0.99"
  source_span:
    dependency: transitive
    description:
      name: source_span
      sha256: dd904f795d4b4f3b870833847c461801f6750a9fa8e61ea5ac53f9422b31f250
      url: "https://pub.dev"
    source: hosted
    version: "1.9.1"
  stack_trace:
    dependency: transitive
    description:
      name: stack_trace
      sha256: c3c7d8edb15bee7f0f74debd4b9c5f3c2ea86766fe4178eb2a18eb30a0bdaed5
      url: "https://pub.dev"
    source: hosted
    version: "1.11.0"
  stream_channel:
    dependency: transitive
    description:
      name: stream_channel
      sha256: "83615bee9045c1d322bbbd1ba209b7a749c2cbcdcb3fdd1df8eb488b3279c1c8"
      url: "https://pub.dev"
    source: hosted
    version: "2.1.1"
  string_scanner:
    dependency: transitive
    description:
      name: string_scanner
      sha256: "556692adab6cfa87322a115640c11f13cb77b3f076ddcc5d6ae3c20242bedcde"
      url: "https://pub.dev"
    source: hosted
    version: "1.2.0"
  swipeable_card_stack:
    dependency: "direct main"
    description:
      name: swipeable_card_stack
      sha256: "4b21357d042094b460554d2660fcd1486554ddba6389854055b1188c8fa85168"
      url: "https://pub.dev"
    source: hosted
    version: "0.0.5"
  term_glyph:
    dependency: transitive
    description:
      name: term_glyph
      sha256: a29248a84fbb7c79282b40b8c72a1209db169a2e0542bce341da992fe1bc7e84
      url: "https://pub.dev"
    source: hosted
    version: "1.2.1"
  test_api:
    dependency: transitive
    description:
      name: test_api
      sha256: ad540f65f92caa91bf21dfc8ffb8c589d6e4dc0c2267818b4cc2792857706206
      url: "https://pub.dev"
    source: hosted
    version: "0.4.16"
  typed_data:
    dependency: transitive
    description:
      name: typed_data
      sha256: "26f87ade979c47a150c9eaab93ccd2bebe70a27dc0b4b29517f2904f04eb11a5"
      url: "https://pub.dev"
    source: hosted
    version: "1.3.1"
  vector_math:
    dependency: transitive
    description:
      name: vector_math
      sha256: "80b3257d1492ce4d091729e3a67a60407d227c27241d6927be0130c98e741803"
      url: "https://pub.dev"
    source: hosted
    version: "2.1.4"
  video_player:
    dependency: "direct main"
    description:
      name: video_player
      sha256: "59f7f31c919c59cbedd37c617317045f5f650dc0eeb568b0b0de9a36472bdb28"
      url: "https://pub.dev"
    source: hosted
    version: "2.5.1"
  video_player_android:
    dependency: transitive
    description:
      name: video_player_android
      sha256: "984388511230bac63feb53b2911a70e829fe0976b6b2213f5c579c4e0a882db3"
      url: "https://pub.dev"
    source: hosted
    version: "2.3.10"
  video_player_avfoundation:
    dependency: transitive
    description:
      name: video_player_avfoundation
      sha256: d9f7a46d6a77680adb03ec05a381025d6e890ebe636637c6c3014cc3926b97e9
      url: "https://pub.dev"
    source: hosted
    version: "2.3.8"
  video_player_platform_interface:
    dependency: transitive
    description:
      name: video_player_platform_interface
      sha256: "42bb75de5e9b79e1f20f1d95f688fac0f95beac4d89c6eb2cd421724d4432dae"
      url: "https://pub.dev"
    source: hosted
    version: "6.0.1"
  video_player_web:
    dependency: transitive
    description:
      name: video_player_web
      sha256: b649b07b8f8f553bee4a97a0a53d0fe78a70b115eafaf0105b612b32b05ddb99
      url: "https://pub.dev"
    source: hosted
    version: "2.0.13"
sdks:
  dart: ">=2.19.1 <3.0.0"
  flutter: ">=3.7.0"
